
Microsoft Visual Studio Solution File, Format Version 12.00
# Visual Studio Version 17
VisualStudioVersion = 17.14.36109.1 d17.14
MinimumVisualStudioVersion = 10.0.40219.1
Project("{FAE04EC0-301F-11D3-BF4B-00C04F79EFBC}") = "ProjetoCsv", "ProjetoCsv\ProjetoCsv.csproj", "{BF0F5501-212F-4C2A-8B0F-AD775AA16B35}"
EndProject
Global
	GlobalSection(SolutionConfigurationPlatforms) = preSolution
		Debug|Any CPU = Debug|Any CPU
		Release|Any CPU = Release|Any CPU
	EndGlobalSection
	GlobalSection(ProjectConfigurationPlatforms) = postSolution
		{BF0F5501-212F-4C2A-8B0F-AD775AA16B35}.Debug|Any CPU.ActiveCfg = Debug|Any CPU
		{BF0F5501-212F-4C2A-8B0F-AD775AA16B35}.Debug|Any CPU.Build.0 = Debug|Any CPU
		{BF0F5501-212F-4C2A-8B0F-AD775AA16B35}.Release|Any CPU.ActiveCfg = Release|Any CPU
		{BF0F5501-212F-4C2A-8B0F-AD775AA16B35}.Release|Any CPU.Build.0 = Release|Any CPU
	EndGlobalSection
	GlobalSection(SolutionProperties) = preSolution
		HideSolutionNode = FALSE
	EndGlobalSection
	GlobalSection(ExtensibilityGlobals) = postSolution
		SolutionGuid = {C41D67BE-77DC-47FB-8921-BBC31B7D807E}
	EndGlobalSection
EndGlobal
